// !$*UTF8*$!
{
	archiveVersion = 1;
	classes = {
	};
	objectVersion = 56;
	objects = {

/* Begin PBXBuildFile section */
		78533DC6292D171B00209EA6 /* AppDelegate.swift in Sources */ = {isa = PBXBuildFile; fileRef = 78533DC5292D171B00209EA6 /* AppDelegate.swift */; };
		78533DC8292D171B00209EA6 /* SceneDelegate.swift in Sources */ = {isa = PBXBuildFile; fileRef = 78533DC7292D171B00209EA6 /* SceneDelegate.swift */; };
		78533DCA292D171B00209EA6 /* ViewController.swift in Sources */ = {isa = PBXBuildFile; fileRef = 78533DC9292D171B00209EA6 /* ViewController.swift */; };
		78533DCD292D171B00209EA6 /* Main.storyboard in Resources */ = {isa = PBXBuildFile; fileRef = 78533DCB292D171B00209EA6 /* Main.storyboard */; };
		78533DCF292D171E00209EA6 /* Assets.xcassets in Resources */ = {isa = PBXBuildFile; fileRef = 78533DCE292D171E00209EA6 /* Assets.xcassets */; };
		78533DD2292D171E00209EA6 /* LaunchScreen.storyboard in Resources */ = {isa = PBXBuildFile; fileRef = 78533DD0292D171E00209EA6 /* LaunchScreen.storyboard */; };
		78533DDB292D176500209EA6 /* detailsTableViewCell.swift in Sources */ = {isa = PBXBuildFile; fileRef = 78533DD9292D176500209EA6 /* detailsTableViewCell.swift */; };
		78533DDC292D176500209EA6 /* detailsTableViewCell.xib in Resources */ = {isa = PBXBuildFile; fileRef = 78533DDA292D176500209EA6 /* detailsTableViewCell.xib */; };
		78E5A864292D333F00930C6A /* secondViewController.swift in Sources */ = {isa = PBXBuildFile; fileRef = 78E5A863292D333F00930C6A /* secondViewController.swift */; };
		78FE6941293A4C2B00FC73BC /* imfomation.swift in Sources */ = {isa = PBXBuildFile; fileRef = 78FE6940293A4C2B00FC73BC /* imfomation.swift */; };
/* End PBXBuildFile section */

/* Begin PBXFileReference section */
		78533DC2292D171B00209EA6 /* switchButton.app */ = {isa = PBXFileReference; explicitFileType = wrapper.application; includeInIndex = 0; path = switchButton.app; sourceTree = BUILT_PRODUCTS_DIR; };
		78533DC5292D171B00209EA6 /* AppDelegate.swift */ = {isa = PBXFileReference; lastKnownFileType = sourcecode.swift; path = AppDelegate.swift; sourceTree = "<group>"; };
		78533DC7292D171B00209EA6 /* SceneDelegate.swift */ = {isa = PBXFileReference; lastKnownFileType = sourcecode.swift; path = SceneDelegate.swift; sourceTree = "<group>"; };
		78533DC9292D171B00209EA6 /* ViewController.swift */ = {isa = PBXFileReference; lastKnownFileType = sourcecode.swift; path = ViewController.swift; sourceTree = "<group>"; };
		78533DCC292D171B00209EA6 /* Base */ = {isa = PBXFileReference; lastKnownFileType = file.storyboard; name = Base; path = Base.lproj/Main.storyboard; sourceTree = "<group>"; };
		78533DCE292D171E00209EA6 /* Assets.xcassets */ = {isa = PBXFileReference; lastKnownFileType = folder.assetcatalog; path = Assets.xcassets; sourceTree = "<group>"; };
		78533DD1292D171E00209EA6 /* Base */ = {isa = PBXFileReference; lastKnownFileType = file.storyboard; name = Base; path = Base.lproj/LaunchScreen.storyboard; sourceTree = "<group>"; };
		78533DD3292D171E00209EA6 /* Info.plist */ = {isa = PBXFileReference; lastKnownFileType = text.plist.xml; path = Info.plist; sourceTree = "<group>"; };
		78533DD9292D176500209EA6 /* detailsTableViewCell.swift */ = {isa = PBXFileReference; lastKnownFileType = sourcecode.swift; path = detailsTableViewCell.swift; sourceTree = "<group>"; };
		78533DDA292D176500209EA6 /* detailsTableViewCell.xib */ = {isa = PBXFileReference; lastKnownFileType = file.xib; path = detailsTableViewCell.xib; sourceTree = "<group>"; };
		78E5A863292D333F00930C6A /* secondViewController.swift */ = {isa = PBXFileReference; lastKnownFileType = sourcecode.swift; path = secondViewController.swift; sourceTree = "<group>"; };
		78FE6940293A4C2B00FC73BC /* imfomation.swift */ = {isa = PBXFileReference; lastKnownFileType = sourcecode.swift; path = imfomation.swift; sourceTree = "<group>"; };
/* End PBXFileReference section */

/* Begin PBXFrameworksBuildPhase section */
		78533DBF292D171B00209EA6 /* Frameworks */ = {
			isa = PBXFrameworksBuildPhase;
			buildActionMask = 2147483647;
			files = (
			);
			runOnlyForDeploymentPostprocessing = 0;
		};
/* End PBXFrameworksBuildPhase section */

/* Begin PBXGroup section */
		78533DB9292D171B00209EA6 = {
			isa = PBXGroup;
			children = (
				78FE6940293A4C2B00FC73BC /* imfomation.swift */,
				78533DD9292D176500209EA6 /* detailsTableViewCell.swift */,
				78533DDA292D176500209EA6 /* detailsTableViewCell.xib */,
				78533DC4292D171B00209EA6 /* switchButton */,
				78533DC3292D171B00209EA6 /* Products */,
			);
			sourceTree = "<group>";
		};
		78533DC3292D171B00209EA6 /* Products */ = {
			isa = PBXGroup;
			children = (
				78533DC2292D171B00209EA6 /* switchButton.app */,
			);
			name = Products;
			sourceTree = "<group>";
		};
		78533DC4292D171B00209EA6 /* switchButton */ = {
			isa = PBXGroup;
			children = (
				78533DC5292D171B00209EA6 /* AppDelegate.swift */,
				78533DC7292D171B00209EA6 /* SceneDelegate.swift */,
				78533DC9292D171B00209EA6 /* ViewController.swift */,
				78E5A863292D333F00930C6A /* secondViewController.swift */,
				78533DCB292D171B00209EA6 /* Main.storyboard */,
				78533DCE292D171E00209EA6 /* Assets.xcassets */,
				78533DD0292D171E00209EA6 /* LaunchScreen.storyboard */,
				78533DD3292D171E00209EA6 /* Info.plist */,
			);
			path = switchButton;
			sourceTree = "<group>";
		};
/* End PBXGroup section */

/* Begin PBXNativeTarget section */
		78533DC1292D171B00209EA6 /* switchButton */ = {
			isa = PBXNativeTarget;
			buildConfigurationList = 78533DD6292D171E00209EA6 /* Build configuration list for PBXNativeTarget "switchButton" */;
			buildPhases = (
				78533DBE292D171B00209EA6 /* Sources */,
				78533DBF292D171B00209EA6 /* Frameworks */,
				78533DC0292D171B00209EA6 /* Resources */,
			);
			buildRules = (
			);
			dependencies = (
			);
			name = switchButton;
			productName = switchButton;
			productReference = 78533DC2292D171B00209EA6 /* switchButton.app */;
			productType = "com.apple.product-type.application";
		};
/* End PBXNativeTarget section */

/* Begin PBXProject section */
		78533DBA292D171B00209EA6 /* Project object */ = {
			isa = PBXProject;
			attributes = {
				BuildIndependentTargetsInParallel = 1;
				LastSwiftUpdateCheck = 1400;
				LastUpgradeCheck = 1400;
				TargetAttributes = {
					78533DC1292D171B00209EA6 = {
						CreatedOnToolsVersion = 14.0.1;
					};
				};
			};
			buildConfigurationList = 78533DBD292D171B00209EA6 /* Build configuration list for PBXProject "switchButton" */;
			compatibilityVersion = "Xcode 14.0";
			developmentRegion = en;
			hasScannedForEncodings = 0;
			knownRegions = (
				en,
				Base,
			);
			mainGroup = 78533DB9292D171B00209EA6;
			productRefGroup = 78533DC3292D171B00209EA6 /* Products */;
			projectDirPath = "";
			projectRoot = "";
			targets = (
				78533DC1292D171B00209EA6 /* switchButton */,
			);
		};
/* End PBXProject section */

/* Begin PBXResourcesBuildPhase section */
		78533DC0292D171B00209EA6 /* Resources */ = {
			isa = PBXResourcesBuildPhase;
			buildActionMask = 2147483647;
			files = (
				78533DD2292D171E00209EA6 /* LaunchScreen.storyboard in Resources */,
				78533DCF292D171E00209EA6 /* Assets.xcassets in Resources */,
				78533DDC292D176500209EA6 /* detailsTableViewCell.xib in Resources */,
				78533DCD292D171B00209EA6 /* Main.storyboard in Resources */,
			);
			runOnlyForDeploymentPostprocessing = 0;
		};
/* End PBXResourcesBuildPhase section */

/* Begin PBXSourcesBuildPhase section */
		78533DBE292D171B00209EA6 /* Sources */ = {
			isa = PBXSourcesBuildPhase;
			buildActionMask = 2147483647;
			files = (
				78533DCA292D171B00209EA6 /* ViewController.swift in Sources */,
				78533DC6292D171B00209EA6 /* AppDelegate.swift in Sources */,
				78FE6941293A4C2B00FC73BC /* imfomation.swift in Sources */,
				78533DDB292D176500209EA6 /* detailsTableViewCell.swift in Sources */,
				78E5A864292D333F00930C6A /* secondViewController.swift in Sources */,
				78533DC8292D171B00209EA6 /* SceneDelegate.swift in Sources */,
			);
			runOnlyForDeploymentPostprocessing = 0;
		};
/* End PBXSourcesBuildPhase section */

/* Begin PBXVariantGroup section */
		78533DCB292D171B00209EA6 /* Main.storyboard */ = {
			isa = PBXVariantGroup;
			children = (
				78533DCC292D171B00209EA6 /* Base */,
			);
			name = Main.storyboard;
			sourceTree = "<group>";
		};
		78533DD0292D171E00209EA6 /* LaunchScreen.storyboard */ = {
			isa = PBXVariantGroup;
			children = (
				78533DD1292D171E00209EA6 /* Base */,
			);
			name = LaunchScreen.storyboard;
			sourceTree = "<group>";
		};
/* End PBXVariantGroup section */

/* Begin XCBuildConfiguration section */
		78533DD4292D171E00209EA6 /* Debug */ = {
			isa = XCBuildConfiguration;
			buildSettings = {
				ALWAYS_SEARCH_USER_PATHS = NO;
				CLANG_ANALYZER_NONNULL = YES;
				CLANG_ANALYZER_NUMBER_OBJECT_CONVERSION = YES_AGGRESSIVE;
				CLANG_CXX_LANGUAGE_STANDARD = "gnu++20";
				CLANG_ENABLE_MODULES = YES;
				CLANG_ENABLE_OBJC_ARC = YES;
				CLANG_ENABLE_OBJC_WEAK = YES;
				CLANG_WARN_BLOCK_CAPTURE_AUTORELEASING = YES;
				CLANG_WARN_BOOL_CONVERSION = YES;
				CLANG_WARN_COMMA = YES;
				CLANG_WARN_CONSTANT_CONVERSION = YES;
				CLANG_WARN_DEPRECATED_OBJC_IMPLEMENTATIONS = YES;
				CLANG_WARN_DIRECT_OBJC_ISA_USAGE = YES_ERROR;
				CLANG_WARN_DOCUMENTATION_COMMENTS = YES;
				CLANG_WARN_EMPTY_BODY = YES;
				CLANG_WARN_ENUM_CONVERSION = YES;
				CLANG_WARN_INFINITE_RECURSION = YES;
				CLANG_WARN_INT_CONVERSION = YES;
				CLANG_WARN_NON_LITERAL_NULL_CONVERSION = YES;
				CLANG_WARN_OBJC_IMPLICIT_RETAIN_SELF = YES;
				CLANG_WARN_OBJC_LITERAL_CONVERSION = YES;
				CLANG_WARN_OBJC_ROOT_CLASS = YES_ERROR;
				CLANG_WARN_QUOTED_INCLUDE_IN_FRAMEWORK_HEADER = YES;
				CLANG_WARN_RANGE_LOOP_ANALYSIS = YES;
				CLANG_WARN_STRICT_PROTOTYPES = YES;
				CLANG_WARN_SUSPICIOUS_MOVE = YES;
				CLANG_WARN_UNGUARDED_AVAILABILITY = YES_AGGRESSIVE;
				CLANG_WARN_UNREACHABLE_CODE = YES;
				CLANG_WARN__DUPLICATE_METHOD_MATCH = YES;
				COPY_PHASE_STRIP = NO;
				DEBUG_INFORMATION_FORMAT = dwarf;
				ENABLE_STRICT_OBJC_MSGSEND = YES;
				ENABLE_TESTABILITY = YES;
				GCC_C_LANGUAGE_STANDARD = gnu11;
				GCC_DYNAMIC_NO_PIC = NO;
				GCC_NO_COMMON_BLOCKS = YES;
				GCC_OPTIMIZATION_LEVEL = 0;
				GCC_PREPROCESSOR_DEFINITIONS = (
					"DEBUG=1",
					"$(inherited)",
				);
				GCC_WARN_64_TO_32_BIT_CONVERSION = YES;
				GCC_WARN_ABOUT_RETURN_TYPE = YES_ERROR;
				GCC_WARN_UNDECLARED_SELECTOR = YES;
				GCC_WARN_UNINITIALIZED_AUTOS = YES_AGGRESSIVE;
				GCC_WARN_UNUSED_FUNCTION = YES;
				GCC_WARN_UNUSED_VARIABLE = YES;
				IPHONEOS_DEPLOYMENT_TARGET = 16.0;
				MTL_ENABLE_DEBUG_INFO = INCLUDE_SOURCE;
				MTL_FAST_MATH = YES;
				ONLY_ACTIVE_ARCH = YES;
				SDKROOT = iphoneos;
				SWIFT_ACTIVE_COMPILATION_CONDITIONS = DEBUG;
				SWIFT_OPTIMIZATION_LEVEL = "-Onone";
			};
			name = Debug;
		};
		78533DD5292D171E00209EA6 /* Release */ = {
			isa = XCBuildConfiguration;
			buildSettings = {
				ALWAYS_SEARCH_USER_PATHS = NO;
				CLANG_ANALYZER_NONNULL = YES;
				CLANG_ANALYZER_NUMBER_OBJECT_CONVERSION = YES_AGGRESSIVE;
				CLANG_CXX_LANGUAGE_STANDARD = "gnu++20";
				CLANG_ENABLE_MODULES = YES;
				CLANG_ENABLE_OBJC_ARC = YES;
				CLANG_ENABLE_OBJC_WEAK = YES;
				CLANG_WARN_BLOCK_CAPTURE_AUTORELEASING = YES;
				CLANG_WARN_BOOL_CONVERSION = YES;
				CLANG_WARN_COMMA = YES;
				CLANG_WARN_CONSTANT_CONVERSION = YES;
				CLANG_WARN_DEPRECATED_OBJC_IMPLEMENTATIONS = YES;
				CLANG_WARN_DIRECT_OBJC_ISA_USAGE = YES_ERROR;
				CLANG_WARN_DOCUMENTATION_COMMENTS = YES;
				CLANG_WARN_EMPTY_BODY = YES;
				CLANG_WARN_ENUM_CONVERSION = YES;
				CLANG_WARN_INFINITE_RECURSION = YES;
				CLANG_WARN_INT_CONVERSION = YES;
				CLANG_WARN_NON_LITERAL_NULL_CONVERSION = YES;
				CLANG_WARN_OBJC_IMPLICIT_RETAIN_SELF = YES;
				CLANG_WARN_OBJC_LITERAL_CONVERSION = YES;
				CLANG_WARN_OBJC_ROOT_CLASS = YES_ERROR;
				CLANG_WARN_QUOTED_INCLUDE_IN_FRAMEWORK_HEADER = YES;
				CLANG_WARN_RANGE_LOOP_ANALYSIS = YES;
				CLANG_WARN_STRICT_PROTOTYPES = YES;
				CLANG_WARN_SUSPICIOUS_MOVE = YES;
				CLANG_WARN_UNGUARDED_AVAILABILITY = YES_AGGRESSIVE;
				CLANG_WARN_UNREACHABLE_CODE = YES;
				CLANG_WARN__DUPLICATE_METHOD_MATCH = YES;
				COPY_PHASE_STRIP = NO;
				DEBUG_INFORMATION_FORMAT = "dwarf-with-dsym";
				ENABLE_NS_ASSERTIONS = NO;
				ENABLE_STRICT_OBJC_MSGSEND = YES;
				GCC_C_LANGUAGE_STANDARD = gnu11;
				GCC_NO_COMMON_BLOCKS = YES;
				GCC_WARN_64_TO_32_BIT_CONVERSION = YES;
				GCC_WARN_ABOUT_RETURN_TYPE = YES_ERROR;
				GCC_WARN_UNDECLARED_SELECTOR = YES;
				GCC_WARN_UNINITIALIZED_AUTOS = YES_AGGRESSIVE;
				GCC_WARN_UNUSED_FUNCTION = YES;
				GCC_WARN_UNUSED_VARIABLE = YES;
				IPHONEOS_DEPLOYMENT_TARGET = 16.0;
				MTL_ENABLE_DEBUG_INFO = NO;
				MTL_FAST_MATH = YES;
				SDKROOT = iphoneos;
				SWIFT_COMPILATION_MODE = wholemodule;
				SWIFT_OPTIMIZATION_LEVEL = "-O";
				VALIDATE_PRODUCT = YES;
			};
			name = Release;
		};
		78533DD7292D171E00209EA6 /* Debug */ = {
			isa = XCBuildConfiguration;
			buildSettings = {
				ASSETCATALOG_COMPILER_APPICON_NAME = AppIcon;
				ASSETCATALOG_COMPILER_GLOBAL_ACCENT_COLOR_NAME = AccentColor;
				CODE_SIGN_STYLE = Automatic;
				CURRENT_PROJECT_VERSION = 1;
				GENERATE_INFOPLIST_FILE = YES;
				INFOPLIST_FILE = switchButton/Info.plist;
				INFOPLIST_KEY_UIApplicationSupportsIndirectInputEvents = YES;
				INFOPLIST_KEY_UILaunchStoryboardName = LaunchScreen;
				INFOPLIST_KEY_UIMainStoryboardFile = Main;
				INFOPLIST_KEY_UISupportedInterfaceOrientations_iPad = "UIInterfaceOrientationPortrait UIInterfaceOrientationPortraitUpsideDown UIInterfaceOrientationLandscapeLeft UIInterfaceOrientationLandscapeRight";
				INFOPLIST_KEY_UISupportedInterfaceOrientations_iPhone = "UIInterfaceOrientationPortrait UIInterfaceOrientationLandscapeLeft UIInterfaceOrientationLandscapeRight";
				LD_RUNPATH_SEARCH_PATHS = (
					"$(inherited)",
					"@executable_path/Frameworks",
				);
				MARKETING_VERSION = 1.0;
				PRODUCT_BUNDLE_IDENTIFIER = com.google.switchButton;
				PRODUCT_NAME = "$(TARGET_NAME)";
				SWIFT_EMIT_LOC_STRINGS = YES;
				SWIFT_VERSION = 5.0;
				TARGETED_DEVICE_FAMILY = "1,2";
			};
			name = Debug;
		};
		78533DD8292D171E00209EA6 /* Release */ = {
			isa = XCBuildConfiguration;
			buildSettings = {
				ASSETCATALOG_COMPILER_APPICON_NAME = AppIcon;
				ASSETCATALOG_COMPILER_GLOBAL_ACCENT_COLOR_NAME = AccentColor;
				CODE_SIGN_STYLE = Automatic;
				CURRENT_PROJECT_VERSION = 1;
				GENERATE_INFOPLIST_FILE = YES;
				INFOPLIST_FILE = switchButton/Info.plist;
				INFOPLIST_KEY_UIApplicationSupportsIndirectInputEvents = YES;
				INFOPLIST_KEY_UILaunchStoryboardName = LaunchScreen;
				INFOPLIST_KEY_UIMainStoryboardFile = Main;
				INFOPLIST_KEY_UISupportedInterfaceOrientations_iPad = "UIInterfaceOrientationPortrait UIInterfaceOrientationPortraitUpsideDown UIInterfaceOrientationLandscapeLeft UIInterfaceOrientationLandscapeRight";
				INFOPLIST_KEY_UISupportedInterfaceOrientations_iPhone = "UIInterfaceOrientationPortrait UIInterfaceOrientationLandscapeLeft UIInterfaceOrientationLandscapeRight";
				LD_RUNPATH_SEARCH_PATHS = (
					"$(inherited)",
					"@executable_path/Frameworks",
				);
				MARKETING_VERSION = 1.0;
				PRODUCT_BUNDLE_IDENTIFIER = com.google.switchButton;
				PRODUCT_NAME = "$(TARGET_NAME)";
				SWIFT_EMIT_LOC_STRINGS = YES;
				SWIFT_VERSION = 5.0;
				TARGETED_DEVICE_FAMILY = "1,2";
			};
			name = Release;
		};
/* End XCBuildConfiguration section */

/* Begin XCConfigurationList section */
		78533DBD292D171B00209EA6 /* Build configuration list for PBXProject "switchButton" */ = {
			isa = XCConfigurationList;
			buildConfigurations = (
				78533DD4292D171E00209EA6 /* Debug */,
				78533DD5292D171E00209EA6 /* Release */,
			);
			defaultConfigurationIsVisible = 0;
			defaultConfigurationName = Release;
		};
		78533DD6292D171E00209EA6 /* Build configuration list for PBXNativeTarget "switchButton" */ = {
			isa = XCConfigurationList;
			buildConfigurations = (
				78533DD7292D171E00209EA6 /* Debug */,
				78533DD8292D171E00209EA6 /* Release */,
			);
			defaultConfigurationIsVisible = 0;
			defaultConfigurationName = Release;
		};
/* End XCConfigurationList section */
	};
	rootObject = 78533DBA292D171B00209EA6 /* Project object */;
}
